// !$*UTF8*$!
{
	archiveVersion = 1;
	classes = {
	};
	objectVersion = 46;
	objects = {

/* Begin PBXBuildFile section */
		040F721F1AA939F300F77DB8 /* main.m in Sources */ = {isa = PBXBuildFile; fileRef = 040F721E1AA939F300F77DB8 /* main.m */; };
		040F72221AA939F300F77DB8 /* AppDelegate.m in Sources */ = {isa = PBXBuildFile; fileRef = 040F72211AA939F300F77DB8 /* AppDelegate.m */; };
		040F72251AA939F300F77DB8 /* ViewController.m in Sources */ = {isa = PBXBuildFile; fileRef = 040F72241AA939F300F77DB8 /* ViewController.m */; };
		040F72281AA939F300F77DB8 /* Main.storyboard in Resources */ = {isa = PBXBuildFile; fileRef = 040F72261AA939F300F77DB8 /* Main.storyboard */; };
		040F722A1AA939F300F77DB8 /* Images.xcassets in Resources */ = {isa = PBXBuildFile; fileRef = 040F72291AA939F300F77DB8 /* Images.xcassets */; };
		040F722D1AA939F300F77DB8 /* LaunchScreen.xib in Resources */ = {isa = PBXBuildFile; fileRef = 040F722B1AA939F300F77DB8 /* LaunchScreen.xib */; };
		040F72391AA939F300F77DB8 /* SampleMenuTests.m in Sources */ = {isa = PBXBuildFile; fileRef = 040F72381AA939F300F77DB8 /* SampleMenuTests.m */; };
		040F72441AA93A1A00F77DB8 /* PYDropMenu.m in Sources */ = {isa = PBXBuildFile; fileRef = 040F72431AA93A1A00F77DB8 /* PYDropMenu.m */; };
/* End PBXBuildFile section */

/* Begin PBXContainerItemProxy section */
		040F72331AA939F300F77DB8 /* PBXContainerItemProxy */ = {
			isa = PBXContainerItemProxy;
			containerPortal = 040F72111AA939F300F77DB8 /* Project object */;
			proxyType = 1;
			remoteGlobalIDString = 040F72181AA939F300F77DB8;
			remoteInfo = SampleMenu;
		};
/* End PBXContainerItemProxy section */

/* Begin PBXFileReference section */
		040F72191AA939F300F77DB8 /* SampleMenu.app */ = {isa = PBXFileReference; explicitFileType = wrapper.application; includeInIndex = 0; path = SampleMenu.app; sourceTree = BUILT_PRODUCTS_DIR; };
		040F721D1AA939F300F77DB8 /* Info.plist */ = {isa = PBXFileReference; lastKnownFileType = text.plist.xml; path = Info.plist; sourceTree = "<group>"; };
		040F721E1AA939F300F77DB8 /* main.m */ = {isa = PBXFileReference; lastKnownFileType = sourcecode.c.objc; path = main.m; sourceTree = "<group>"; };
		040F72201AA939F300F77DB8 /* AppDelegate.h */ = {isa = PBXFileReference; lastKnownFileType = sourcecode.c.h; path = AppDelegate.h; sourceTree = "<group>"; };
		040F72211AA939F300F77DB8 /* AppDelegate.m */ = {isa = PBXFileReference; lastKnownFileType = sourcecode.c.objc; path = AppDelegate.m; sourceTree = "<group>"; };
		040F72231AA939F300F77DB8 /* ViewController.h */ = {isa = PBXFileReference; lastKnownFileType = sourcecode.c.h; path = ViewController.h; sourceTree = "<group>"; };
		040F72241AA939F300F77DB8 /* ViewController.m */ = {isa = PBXFileReference; lastKnownFileType = sourcecode.c.objc; path = ViewController.m; sourceTree = "<group>"; };
		040F72271AA939F300F77DB8 /* Base */ = {isa = PBXFileReference; lastKnownFileType = file.storyboard; name = Base; path = Base.lproj/Main.storyboard; sourceTree = "<group>"; };
		040F72291AA939F300F77DB8 /* Images.xcassets */ = {isa = PBXFileReference; lastKnownFileType = folder.assetcatalog; path = Images.xcassets; sourceTree = "<group>"; };
		040F722C1AA939F300F77DB8 /* Base */ = {isa = PBXFileReference; lastKnownFileType = file.xib; name = Base; path = Base.lproj/LaunchScreen.xib; sourceTree = "<group>"; };
		040F72321AA939F300F77DB8 /* SampleMenuTests.xctest */ = {isa = PBXFileReference; explicitFileType = wrapper.cfbundle; includeInIndex = 0; path = SampleMenuTests.xctest; sourceTree = BUILT_PRODUCTS_DIR; };
		040F72371AA939F300F77DB8 /* Info.plist */ = {isa = PBXFileReference; lastKnownFileType = text.plist.xml; path = Info.plist; sourceTree = "<group>"; };
		040F72381AA939F300F77DB8 /* SampleMenuTests.m */ = {isa = PBXFileReference; lastKnownFileType = sourcecode.c.objc; path = SampleMenuTests.m; sourceTree = "<group>"; };
		040F72421AA93A1A00F77DB8 /* PYDropMenu.h */ = {isa = PBXFileReference; fileEncoding = 4; lastKnownFileType = sourcecode.c.h; path = PYDropMenu.h; sourceTree = "<group>"; };
		040F72431AA93A1A00F77DB8 /* PYDropMenu.m */ = {isa = PBXFileReference; fileEncoding = 4; lastKnownFileType = sourcecode.c.objc; path = PYDropMenu.m; sourceTree = "<group>"; };
/* End PBXFileReference section */

/* Begin PBXFrameworksBuildPhase section */
		040F72161AA939F300F77DB8 /* Frameworks */ = {
			isa = PBXFrameworksBuildPhase;
			buildActionMask = 2147483647;
			files = (
			);
			runOnlyForDeploymentPostprocessing = 0;
		};
		040F722F1AA939F300F77DB8 /* Frameworks */ = {
			isa = PBXFrameworksBuildPhase;
			buildActionMask = 2147483647;
			files = (
			);
			runOnlyForDeploymentPostprocessing = 0;
		};
/* End PBXFrameworksBuildPhase section */

/* Begin PBXGroup section */
		040F72101AA939F300F77DB8 = {
			isa = PBXGroup;
			children = (
				040F721B1AA939F300F77DB8 /* SampleMenu */,
				040F72351AA939F300F77DB8 /* SampleMenuTests */,
				040F721A1AA939F300F77DB8 /* Products */,
			);
			sourceTree = "<group>";
		};
		040F721A1AA939F300F77DB8 /* Products */ = {
			isa = PBXGroup;
			children = (
				040F72191AA939F300F77DB8 /* SampleMenu.app */,
				040F72321AA939F300F77DB8 /* SampleMenuTests.xctest */,
			);
			name = Products;
			sourceTree = "<group>";
		};
		040F721B1AA939F300F77DB8 /* SampleMenu */ = {
			isa = PBXGroup;
			children = (
				040F72201AA939F300F77DB8 /* AppDelegate.h */,
				040F72211AA939F300F77DB8 /* AppDelegate.m */,
				040F72231AA939F300F77DB8 /* ViewController.h */,
				040F72241AA939F300F77DB8 /* ViewController.m */,
				040F72421AA93A1A00F77DB8 /* PYDropMenu.h */,
				040F72431AA93A1A00F77DB8 /* PYDropMenu.m */,
				040F72261AA939F300F77DB8 /* Main.storyboard */,
				040F72291AA939F300F77DB8 /* Images.xcassets */,
				040F722B1AA939F300F77DB8 /* LaunchScreen.xib */,
				040F721C1AA939F300F77DB8 /* Supporting Files */,
			);
			path = SampleMenu;
			sourceTree = "<group>";
		};
		040F721C1AA939F300F77DB8 /* Supporting Files */ = {
			isa = PBXGroup;
			children = (
				040F721D1AA939F300F77DB8 /* Info.plist */,
				040F721E1AA939F300F77DB8 /* main.m */,
			);
			name = "Supporting Files";
			sourceTree = "<group>";
		};
		040F72351AA939F300F77DB8 /* SampleMenuTests */ = {
			isa = PBXGroup;
			children = (
				040F72381AA939F300F77DB8 /* SampleMenuTests.m */,
				040F72361AA939F300F77DB8 /* Supporting Files */,
			);
			path = SampleMenuTests;
			sourceTree = "<group>";
		};
		040F72361AA939F300F77DB8 /* Supporting Files */ = {
			isa = PBXGroup;
			children = (
				040F72371AA939F300F77DB8 /* Info.plist */,
			);
			name = "Supporting Files";
			sourceTree = "<group>";
		};
/* End PBXGroup section */

/* Begin PBXNativeTarget section */
		040F72181AA939F300F77DB8 /* SampleMenu */ = {
			isa = PBXNativeTarget;
			buildConfigurationList = 040F723C1AA939F300F77DB8 /* Build configuration list for PBXNativeTarget "SampleMenu" */;
			buildPhases = (
				040F72151AA939F300F77DB8 /* Sources */,
				040F72161AA939F300F77DB8 /* Frameworks */,
				040F72171AA939F300F77DB8 /* Resources */,
			);
			buildRules = (
			);
			dependencies = (
			);
			name = SampleMenu;
			productName = SampleMenu;
			productReference = 040F72191AA939F300F77DB8 /* SampleMenu.app */;
			productType = "com.apple.product-type.application";
		};
		040F72311AA939F300F77DB8 /* SampleMenuTests */ = {
			isa = PBXNativeTarget;
			buildConfigurationList = 040F723F1AA939F300F77DB8 /* Build configuration list for PBXNativeTarget "SampleMenuTests" */;
			buildPhases = (
				040F722E1AA939F300F77DB8 /* Sources */,
				040F722F1AA939F300F77DB8 /* Frameworks */,
				040F72301AA939F300F77DB8 /* Resources */,
			);
			buildRules = (
			);
			dependencies = (
				040F72341AA939F300F77DB8 /* PBXTargetDependency */,
			);
			name = SampleMenuTests;
			productName = SampleMenuTests;
			productReference = 040F72321AA939F300F77DB8 /* SampleMenuTests.xctest */;
			productType = "com.apple.product-type.bundle.unit-test";
		};
/* End PBXNativeTarget section */

/* Begin PBXProject section */
		040F72111AA939F300F77DB8 /* Project object */ = {
			isa = PBXProject;
			attributes = {
				LastUpgradeCheck = 0610;
				ORGANIZATIONNAME = LiveSimply;
				TargetAttributes = {
					040F72181AA939F300F77DB8 = {
						CreatedOnToolsVersion = 6.1.1;
					};
					040F72311AA939F300F77DB8 = {
						CreatedOnToolsVersion = 6.1.1;
						TestTargetID = 040F72181AA939F300F77DB8;
					};
				};
			};
			buildConfigurationList = 040F72141AA939F300F77DB8 /* Build configuration list for PBXProject "SampleMenu" */;
			compatibilityVersion = "Xcode 3.2";
			developmentRegion = English;
			hasScannedForEncodings = 0;
			knownRegions = (
				en,
				Base,
			);
			mainGroup = 040F72101AA939F300F77DB8;
			productRefGroup = 040F721A1AA939F300F77DB8 /* Products */;
			projectDirPath = "";
			projectRoot = "";
			targets = (
				040F72181AA939F300F77DB8 /* SampleMenu */,
				040F72311AA939F300F77DB8 /* SampleMenuTests */,
			);
		};
/* End PBXProject section */

/* Begin PBXResourcesBuildPhase section */
		040F72171AA939F300F77DB8 /* Resources */ = {
			isa = PBXResourcesBuildPhase;
			buildActionMask = 2147483647;
			files = (
				040F72281AA939F300F77DB8 /* Main.storyboard in Resources */,
				040F722D1AA939F300F77DB8 /* LaunchScreen.xib in Resources */,
				040F722A1AA939F300F77DB8 /* Images.xcassets in Resources */,
			);
			runOnlyForDeploymentPostprocessing = 0;
		};
		040F72301AA939F300F77DB8 /* Resources */ = {
			isa = PBXResourcesBuildPhase;
			buildActionMask = 2147483647;
			files = (
			);
			runOnlyForDeploymentPostprocessing = 0;
		};
/* End PBXResourcesBuildPhase section */

/* Begin PBXSourcesBuildPhase section */
		040F72151AA939F300F77DB8 /* Sources */ = {
			isa = PBXSourcesBuildPhase;
			buildActionMask = 2147483647;
			files = (
				040F72251AA939F300F77DB8 /* ViewController.m in Sources */,
				040F72221AA939F300F77DB8 /* AppDelegate.m in Sources */,
				040F721F1AA939F300F77DB8 /* main.m in Sources */,
				040F72441AA93A1A00F77DB8 /* PYDropMenu.m in Sources */,
			);
			runOnlyForDeploymentPostprocessing = 0;
		};
		040F722E1AA939F300F77DB8 /* Sources */ = {
			isa = PBXSourcesBuildPhase;
			buildActionMask = 2147483647;
			files = (
				040F72391AA939F300F77DB8 /* SampleMenuTests.m in Sources */,
			);
			runOnlyForDeploymentPostprocessing = 0;
		};
/* End PBXSourcesBuildPhase section */

/* Begin PBXTargetDependency section */
		040F72341AA939F300F77DB8 /* PBXTargetDependency */ = {
			isa = PBXTargetDependency;
			target = 040F72181AA939F300F77DB8 /* SampleMenu */;
			targetProxy = 040F72331AA939F300F77DB8 /* PBXContainerItemProxy */;
		};
/* End PBXTargetDependency section */

/* Begin PBXVariantGroup section */
		040F72261AA939F300F77DB8 /* Main.storyboard */ = {
			isa = PBXVariantGroup;
			children = (
				040F72271AA939F300F77DB8 /* Base */,
			);
			name = Main.storyboard;
			sourceTree = "<group>";
		};
		040F722B1AA939F300F77DB8 /* LaunchScreen.xib */ = {
			isa = PBXVariantGroup;
			children = (
				040F722C1AA939F300F77DB8 /* Base */,
			);
			name = LaunchScreen.xib;
			sourceTree = "<group>";
		};
/* End PBXVariantGroup section */

/* Begin XCBuildConfiguration section */
		040F723A1AA939F300F77DB8 /* Debug */ = {
			isa = XCBuildConfiguration;
			buildSettings = {
				ALWAYS_SEARCH_USER_PATHS = NO;
				CLANG_CXX_LANGUAGE_STANDARD = "gnu++0x";
				CLANG_CXX_LIBRARY = "libc++";
				CLANG_ENABLE_MODULES = YES;
				CLANG_ENABLE_OBJC_ARC = YES;
				CLANG_WARN_BOOL_CONVERSION = YES;
				CLANG_WARN_CONSTANT_CONVERSION = YES;
				CLANG_WARN_DIRECT_OBJC_ISA_USAGE = YES_ERROR;
				CLANG_WARN_EMPTY_BODY = YES;
				CLANG_WARN_ENUM_CONVERSION = YES;
				CLANG_WARN_INT_CONVERSION = YES;
				CLANG_WARN_OBJC_ROOT_CLASS = YES_ERROR;
				CLANG_WARN_UNREACHABLE_CODE = YES;
				CLANG_WARN__DUPLICATE_METHOD_MATCH = YES;
				"CODE_SIGN_IDENTITY[sdk=iphoneos*]" = "iPhone Developer";
				COPY_PHASE_STRIP = NO;
				ENABLE_STRICT_OBJC_MSGSEND = YES;
				GCC_C_LANGUAGE_STANDARD = gnu99;
				GCC_DYNAMIC_NO_PIC = NO;
				GCC_OPTIMIZATION_LEVEL = 0;
				GCC_PREPROCESSOR_DEFINITIONS = (
					"DEBUG=1",
					"$(inherited)",
				);
				GCC_SYMBOLS_PRIVATE_EXTERN = NO;
				GCC_WARN_64_TO_32_BIT_CONVERSION = YES;
				GCC_WARN_ABOUT_RETURN_TYPE = YES_ERROR;
				GCC_WARN_UNDECLARED_SELECTOR = YES;
				GCC_WARN_UNINITIALIZED_AUTOS = YES_AGGRESSIVE;
				GCC_WARN_UNUSED_FUNCTION = YES;
				GCC_WARN_UNUSED_VARIABLE = YES;
				IPHONEOS_DEPLOYMENT_TARGET = 8.1;
				MTL_ENABLE_DEBUG_INFO = YES;
				ONLY_ACTIVE_ARCH = YES;
				SDKROOT = iphoneos;
			};
			name = Debug;
		};
		040F723B1AA939F300F77DB8 /* Release */ = {
			isa = XCBuildConfiguration;
			buildSettings = {
				ALWAYS_SEARCH_USER_PATHS = NO;
				CLANG_CXX_LANGUAGE_STANDARD = "gnu++0x";
				CLANG_CXX_LIBRARY = "libc++";
				CLANG_ENABLE_MODULES = YES;
				CLANG_ENABLE_OBJC_ARC = YES;
				CLANG_WARN_BOOL_CONVERSION = YES;
				CLANG_WARN_CONSTANT_CONVERSION = YES;
				CLANG_WARN_DIRECT_OBJC_ISA_USAGE = YES_ERROR;
				CLANG_WARN_EMPTY_BODY = YES;
				CLANG_WARN_ENUM_CONVERSION = YES;
				CLANG_WARN_INT_CONVERSION = YES;
				CLANG_WARN_OBJC_ROOT_CLASS = YES_ERROR;
				CLANG_WARN_UNREACHABLE_CODE = YES;
				CLANG_WARN__DUPLICATE_METHOD_MATCH = YES;
				"CODE_SIGN_IDENTITY[sdk=iphoneos*]" = "iPhone Developer";
				COPY_PHASE_STRIP = YES;
				ENABLE_NS_ASSERTIONS = NO;
				ENABLE_STRICT_OBJC_MSGSEND = YES;
				GCC_C_LANGUAGE_STANDARD = gnu99;
				GCC_WARN_64_TO_32_BIT_CONVERSION = YES;
				GCC_WARN_ABOUT_RETURN_TYPE = YES_ERROR;
				GCC_WARN_UNDECLARED_SELECTOR = YES;
				GCC_WARN_UNINITIALIZED_AUTOS = YES_AGGRESSIVE;
				GCC_WARN_UNUSED_FUNCTION = YES;
				GCC_WARN_UNUSED_VARIABLE = YES;
				IPHONEOS_DEPLOYMENT_TARGET = 8.1;
				MTL_ENABLE_DEBUG_INFO = NO;
				SDKROOT = iphoneos;
				VALIDATE_PRODUCT = YES;
			};
			name = Release;
		};
		040F723D1AA939F300F77DB8 /* Debug */ = {
			isa = XCBuildConfiguration;
			buildSettings = {
				ASSETCATALOG_COMPILER_APPICON_NAME = AppIcon;
				INFOPLIST_FILE = SampleMenu/Info.plist;
				LD_RUNPATH_SEARCH_PATHS = "$(inherited) @executable_path/Frameworks";
				PRODUCT_NAME = "$(TARGET_NAME)";
			};
			name = Debug;
		};
		040F723E1AA939F300F77DB8 /* Release */ = {
			isa = XCBuildConfiguration;
			buildSettings = {
				ASSETCATALOG_COMPILER_APPICON_NAME = AppIcon;
				INFOPLIST_FILE = SampleMenu/Info.plist;
				LD_RUNPATH_SEARCH_PATHS = "$(inherited) @executable_path/Frameworks";
				PRODUCT_NAME = "$(TARGET_NAME)";
			};
			name = Release;
		};
		040F72401AA939F300F77DB8 /* Debug */ = {
			isa = XCBuildConfiguration;
			buildSettings = {
				BUNDLE_LOADER = "$(TEST_HOST)";
				FRAMEWORK_SEARCH_PATHS = (
					"$(SDKROOT)/Developer/Library/Frameworks",
					"$(inherited)",
				);
				GCC_PREPROCESSOR_DEFINITIONS = (
					"DEBUG=1",
					"$(inherited)",
				);
				INFOPLIST_FILE = SampleMenuTests/Info.plist;
				LD_RUNPATH_SEARCH_PATHS = "$(inherited) @executable_path/Frameworks @loader_path/Frameworks";
				PRODUCT_NAME = "$(TARGET_NAME)";
				TEST_HOST = "$(BUILT_PRODUCTS_DIR)/SampleMenu.app/SampleMenu";
			};
			name = Debug;
		};
		040F72411AA939F300F77DB8 /* Release */ = {
			isa = XCBuildConfiguration;
			buildSettings = {
				BUNDLE_LOADER = "$(TEST_HOST)";
				FRAMEWORK_SEARCH_PATHS = (
					"$(SDKROOT)/Developer/Library/Frameworks",
					"$(inherited)",
				);
				INFOPLIST_FILE = SampleMenuTests/Info.plist;
				LD_RUNPATH_SEARCH_PATHS = "$(inherited) @executable_path/Frameworks @loader_path/Frameworks";
				PRODUCT_NAME = "$(TARGET_NAME)";
				TEST_HOST = "$(BUILT_PRODUCTS_DIR)/SampleMenu.app/SampleMenu";
			};
			name = Release;
		};
/* End XCBuildConfiguration section */

/* Begin XCConfigurationList section */
		040F72141AA939F300F77DB8 /* Build configuration list for PBXProject "SampleMenu" */ = {
			isa = XCConfigurationList;
			buildConfigurations = (
				040F723A1AA939F300F77DB8 /* Debug */,
				040F723B1AA939F300F77DB8 /* Release */,
			);
			defaultConfigurationIsVisible = 0;
			defaultConfigurationName = Release;
		};
		040F723C1AA939F300F77DB8 /* Build configuration list for PBXNativeTarget "SampleMenu" */ = {
			isa = XCConfigurationList;
			buildConfigurations = (
				040F723D1AA939F300F77DB8 /* Debug */,
				040F723E1AA939F300F77DB8 /* Release */,
			);
			defaultConfigurationIsVisible = 0;
		};
		040F723F1AA939F300F77DB8 /* Build configuration list for PBXNativeTarget "SampleMenuTests" */ = {
			isa = XCConfigurationList;
			buildConfigurations = (
				040F72401AA939F300F77DB8 /* Debug */,
				040F72411AA939F300F77DB8 /* Release */,
			);
			defaultConfigurationIsVisible = 0;
		};
/* End XCConfigurationList section */
	};
	rootObject = 040F72111AA939F300F77DB8 /* Project object */;
}
